
Microsoft Visual Studio Solution File, Format Version 12.00
# Visual Studio Version 16
VisualStudioVersion = 16.0.30717.126
MinimumVisualStudioVersion = 10.0.40219.1
Project("{FAE04EC0-301F-11D3-BF4B-00C04F79EFBC}") = "Electric_trains_app", "Electric_trains_app.csproj", "{6F8B58DD-154D-4907-AD2D-BB286E5772EB}"
EndProject
Global
	GlobalSection(SolutionConfigurationPlatforms) = preSolution
		Debug|Any CPU = Debug|Any CPU
		Release|Any CPU = Release|Any CPU
	EndGlobalSection
	GlobalSection(ProjectConfigurationPlatforms) = postSolution
		{6F8B58DD-154D-4907-AD2D-BB286E5772EB}.Debug|Any CPU.ActiveCfg = Debug|Any CPU
		{6F8B58DD-154D-4907-AD2D-BB286E5772EB}.Debug|Any CPU.Build.0 = Debug|Any CPU
		{6F8B58DD-154D-4907-AD2D-BB286E5772EB}.Release|Any CPU.ActiveCfg = Release|Any CPU
		{6F8B58DD-154D-4907-AD2D-BB286E5772EB}.Release|Any CPU.Build.0 = Release|Any CPU
	EndGlobalSection
	GlobalSection(SolutionProperties) = preSolution
		HideSolutionNode = FALSE
	EndGlobalSection
	GlobalSection(ExtensibilityGlobals) = postSolution
		SolutionGuid = {622AF506-B0BC-40F0-A4CB-79B4B8A30A62}
	EndGlobalSection
EndGlobal
